
Microsoft Visual Studio Solution File, Format Version 12.00
Project("{FAE04EC0-301F-11D3-BF4B-00C04F79EFBC}") = "Strategy", "Strategy\Strategy.csproj", "{5CC8BD5D-A251-4F11-BA5C-9187BA872F23}"
EndProject
Project("{FAE04EC0-301F-11D3-BF4B-00C04F79EFBC}") = "Observer", "Observer\Observer.csproj", "{56FEF1B8-F2DD-4A93-8EAD-42C0AAB7E877}"
EndProject
Project("{FAE04EC0-301F-11D3-BF4B-00C04F79EFBC}") = "Decorator", "Decorator\Decorator.csproj", "{6ECE5580-C0E4-461F-A3D6-58FF982F630C}"
EndProject
Project("{FAE04EC0-301F-11D3-BF4B-00C04F79EFBC}") = "FactoryMethod", "FactoryMethod\FactoryMethod.csproj", "{DAF918EF-10B2-453F-A5C4-C6A0E742027C}"
EndProject
Project("{FAE04EC0-301F-11D3-BF4B-00C04F79EFBC}") = "AbstractFactory", "AbstractFactory\AbstractFactory.csproj", "{39FB0A08-5433-49CD-81B7-614DAA2FDFAA}"
EndProject
Global
	GlobalSection(SolutionConfigurationPlatforms) = preSolution
		Debug|Any CPU = Debug|Any CPU
		Release|Any CPU = Release|Any CPU
	EndGlobalSection
	GlobalSection(ProjectConfigurationPlatforms) = postSolution
		{5CC8BD5D-A251-4F11-BA5C-9187BA872F23}.Debug|Any CPU.ActiveCfg = Debug|Any CPU
		{5CC8BD5D-A251-4F11-BA5C-9187BA872F23}.Debug|Any CPU.Build.0 = Debug|Any CPU
		{5CC8BD5D-A251-4F11-BA5C-9187BA872F23}.Release|Any CPU.ActiveCfg = Release|Any CPU
		{5CC8BD5D-A251-4F11-BA5C-9187BA872F23}.Release|Any CPU.Build.0 = Release|Any CPU
		{56FEF1B8-F2DD-4A93-8EAD-42C0AAB7E877}.Debug|Any CPU.ActiveCfg = Debug|Any CPU
		{56FEF1B8-F2DD-4A93-8EAD-42C0AAB7E877}.Debug|Any CPU.Build.0 = Debug|Any CPU
		{56FEF1B8-F2DD-4A93-8EAD-42C0AAB7E877}.Release|Any CPU.ActiveCfg = Release|Any CPU
		{56FEF1B8-F2DD-4A93-8EAD-42C0AAB7E877}.Release|Any CPU.Build.0 = Release|Any CPU
		{6ECE5580-C0E4-461F-A3D6-58FF982F630C}.Debug|Any CPU.ActiveCfg = Debug|Any CPU
		{6ECE5580-C0E4-461F-A3D6-58FF982F630C}.Debug|Any CPU.Build.0 = Debug|Any CPU
		{6ECE5580-C0E4-461F-A3D6-58FF982F630C}.Release|Any CPU.ActiveCfg = Release|Any CPU
		{6ECE5580-C0E4-461F-A3D6-58FF982F630C}.Release|Any CPU.Build.0 = Release|Any CPU
		{DAF918EF-10B2-453F-A5C4-C6A0E742027C}.Debug|Any CPU.ActiveCfg = Debug|Any CPU
		{DAF918EF-10B2-453F-A5C4-C6A0E742027C}.Debug|Any CPU.Build.0 = Debug|Any CPU
		{DAF918EF-10B2-453F-A5C4-C6A0E742027C}.Release|Any CPU.ActiveCfg = Release|Any CPU
		{DAF918EF-10B2-453F-A5C4-C6A0E742027C}.Release|Any CPU.Build.0 = Release|Any CPU
		{39FB0A08-5433-49CD-81B7-614DAA2FDFAA}.Debug|Any CPU.ActiveCfg = Debug|Any CPU
		{39FB0A08-5433-49CD-81B7-614DAA2FDFAA}.Debug|Any CPU.Build.0 = Debug|Any CPU
		{39FB0A08-5433-49CD-81B7-614DAA2FDFAA}.Release|Any CPU.ActiveCfg = Release|Any CPU
		{39FB0A08-5433-49CD-81B7-614DAA2FDFAA}.Release|Any CPU.Build.0 = Release|Any CPU
	EndGlobalSection
EndGlobal
